
Microsoft Visual Studio Solution File, Format Version 12.00
# Visual Studio Version 16
VisualStudioVersion = 16.0.31205.134
MinimumVisualStudioVersion = 10.0.40219.1
Project("{8BC9CEB8-8B4A-11D0-8D11-00A0C91BC942}") = "lavaKirbyHatManager", "lavaKirbyHatManager\lavaKirbyHatManager.vcxproj", "{8BFCC808-4272-4501-85EA-5B50A0CC6AE1}"
EndProject
Global
	GlobalSection(SolutionConfigurationPlatforms) = preSolution
		Debug|x64 = Debug|x64
		Debug|x86 = Debug|x86
		Release|x64 = Release|x64
		Release|x86 = Release|x86
	EndGlobalSection
	GlobalSection(ProjectConfigurationPlatforms) = postSolution
		{8BFCC808-4272-4501-85EA-5B50A0CC6AE1}.Debug|x64.ActiveCfg = Debug|x64
		{8BFCC808-4272-4501-85EA-5B50A0CC6AE1}.Debug|x64.Build.0 = Debug|x64
		{8BFCC808-4272-4501-85EA-5B50A0CC6AE1}.Debug|x86.ActiveCfg = Debug|Win32
		{8BFCC808-4272-4501-85EA-5B50A0CC6AE1}.Debug|x86.Build.0 = Debug|Win32
		{8BFCC808-4272-4501-85EA-5B50A0CC6AE1}.Release|x64.ActiveCfg = Release|x64
		{8BFCC808-4272-4501-85EA-5B50A0CC6AE1}.Release|x64.Build.0 = Release|x64
		{8BFCC808-4272-4501-85EA-5B50A0CC6AE1}.Release|x86.ActiveCfg = Release|Win32
		{8BFCC808-4272-4501-85EA-5B50A0CC6AE1}.Release|x86.Build.0 = Release|Win32
	EndGlobalSection
	GlobalSection(SolutionProperties) = preSolution
		HideSolutionNode = FALSE
	EndGlobalSection
	GlobalSection(ExtensibilityGlobals) = postSolution
		SolutionGuid = {A144851D-F732-4E4D-8DCC-6D493224EA4A}
	EndGlobalSection
EndGlobal
